// !$*UTF8*$!
{
	archiveVersion = 1;
	classes = {
	};
	objectVersion = 51;
	objects = {

/* Begin PBXBuildFile section */
		2B83DA9368A4AB47B9CC269A /* Pods_BMGTests.framework in Frameworks */ = {isa = PBXBuildFile; fileRef = FB95BD4F275B7A7489A6E74A /* Pods_BMGTests.framework */; };
		2C0C129F23F2BD0F00CC734D /* RockClimbLoggedViewController.swift in Sources */ = {isa = PBXBuildFile; fileRef = 98D223D22397B12A00D3D76A /* RockClimbLoggedViewController.swift */; };
		2C0C12A023F2BD4200CC734D /* RockClimbLoggedViewController.swift in Sources */ = {isa = PBXBuildFile; fileRef = 98D223D22397B12A00D3D76A /* RockClimbLoggedViewController.swift */; };
		2C0C12A123F2BD7000CC734D /* RockClimbLoggedScreenProtocol.swift in Sources */ = {isa = PBXBuildFile; fileRef = 987367D22398042700416C57 /* RockClimbLoggedScreenProtocol.swift */; };
		2C0C12A223F2BDA300CC734D /* LogRockClimbViewModel.swift in Sources */ = {isa = PBXBuildFile; fileRef = 8D2C75F42359F9590081D22F /* LogRockClimbViewModel.swift */; };
		2C0C12A323F2BDAC00CC734D /* RockClimbLoggedViewModel.swift in Sources */ = {isa = PBXBuildFile; fileRef = 98067C7D239173A6000AF417 /* RockClimbLoggedViewModel.swift */; };
		2C0C12A423F2BDC100CC734D /* Grades.swift in Sources */ = {isa = PBXBuildFile; fileRef = 8D56E812235F53670024CD50 /* Grades.swift */; };
		2C0C12A723F2BDE400CC734D /* ClimbingStylesTableView.swift in Sources */ = {isa = PBXBuildFile; fileRef = 8D2C75F6235A09F30081D22F /* ClimbingStylesTableView.swift */; };
		2C0C12A823F2BDE500CC734D /* ClimbingStylesTableView.swift in Sources */ = {isa = PBXBuildFile; fileRef = 8D2C75F6235A09F30081D22F /* ClimbingStylesTableView.swift */; };
		2C0C12A923F2BDE800CC734D /* CustomDatePicker.swift in Sources */ = {isa = PBXBuildFile; fileRef = 8D2C75F8235A0CDC0081D22F /* CustomDatePicker.swift */; };
		2C0C12AA23F2BDE900CC734D /* CustomDatePicker.swift in Sources */ = {isa = PBXBuildFile; fileRef = 8D2C75F8235A0CDC0081D22F /* CustomDatePicker.swift */; };
		2C0C12AB23F2BDEC00CC734D /* CustomPickerToolbar.swift in Sources */ = {isa = PBXBuildFile; fileRef = 8D2C75FA235A0CEE0081D22F /* CustomPickerToolbar.swift */; };
		2C0C12AC23F2BDED00CC734D /* CustomPickerToolbar.swift in Sources */ = {isa = PBXBuildFile; fileRef = 8D2C75FA235A0CEE0081D22F /* CustomPickerToolbar.swift */; };
		2C0C12AD23F2BDF000CC734D /* CustomKeyboardToolbar.swift in Sources */ = {isa = PBXBuildFile; fileRef = 98D98AAF23E1CD8E00B0FD11 /* CustomKeyboardToolbar.swift */; };
		2C0C12AE23F2BDF100CC734D /* CustomKeyboardToolbar.swift in Sources */ = {isa = PBXBuildFile; fileRef = 98D98AAF23E1CD8E00B0FD11 /* CustomKeyboardToolbar.swift */; };
		2C0C12AF23F2BDF300CC734D /* GradePickerView.swift in Sources */ = {isa = PBXBuildFile; fileRef = 8DF3EEF6235DF2FE00D5D0E2 /* GradePickerView.swift */; };
		2C0C12B023F2BDF400CC734D /* GradePickerView.swift in Sources */ = {isa = PBXBuildFile; fileRef = 8DF3EEF6235DF2FE00D5D0E2 /* GradePickerView.swift */; };
		2C0C12B123F2BDF700CC734D /* MockRockClimbLoggedScreen.swift in Sources */ = {isa = PBXBuildFile; fileRef = 987367CF2398031300416C57 /* MockRockClimbLoggedScreen.swift */; };
		2C0C12B223F2BDFE00CC734D /* RockClimbHomePageViewController.swift in Sources */ = {isa = PBXBuildFile; fileRef = 98B8B41023CC7721009AB071 /* RockClimbHomePageViewController.swift */; };
		2C0C12B323F2BDFF00CC734D /* RockClimbHomePageViewController.swift in Sources */ = {isa = PBXBuildFile; fileRef = 98B8B41023CC7721009AB071 /* RockClimbHomePageViewController.swift */; };
		2C0C12B423F2BE0300CC734D /* LogRockClimbViewController.swift in Sources */ = {isa = PBXBuildFile; fileRef = 985413F92350B1C2003768CE /* LogRockClimbViewController.swift */; };
		2C0C12B523F2BE0300CC734D /* LogRockClimbViewController.swift in Sources */ = {isa = PBXBuildFile; fileRef = 985413F92350B1C2003768CE /* LogRockClimbViewController.swift */; };
		2C0C12B623F2BE0A00CC734D /* MyLogbookViewController.swift in Sources */ = {isa = PBXBuildFile; fileRef = 98329F7C23CE248500216D45 /* MyLogbookViewController.swift */; };
		2C0C12B723F2BE0A00CC734D /* MyLogbookViewController.swift in Sources */ = {isa = PBXBuildFile; fileRef = 98329F7C23CE248500216D45 /* MyLogbookViewController.swift */; };
		2C0C12BA23F2C00A00CC734D /* SQLiteDatabaseServiceFactory.swift in Sources */ = {isa = PBXBuildFile; fileRef = 9895164D238D83E100130140 /* SQLiteDatabaseServiceFactory.swift */; };
		2C0C12BB23F2C01200CC734D /* SQLiteDatabaseService.swift in Sources */ = {isa = PBXBuildFile; fileRef = 986A246D2387E9CF00BD43E7 /* SQLiteDatabaseService.swift */; };
		2C0C12BC23F2EC6D00CC734D /* ColorCompatibility.swift in Sources */ = {isa = PBXBuildFile; fileRef = 98BB333023BE0AF500139725 /* ColorCompatibility.swift */; };
		2C0C12BD23F2EC6E00CC734D /* ColorCompatibility.swift in Sources */ = {isa = PBXBuildFile; fileRef = 98BB333023BE0AF500139725 /* ColorCompatibility.swift */; };
		8D136F8923549E08003D117E /* Style Notes in Resources */ = {isa = PBXBuildFile; fileRef = 8D136F8823549E08003D117E /* Style Notes */; };
		8D2C75F52359F9590081D22F /* LogRockClimbViewModel.swift in Sources */ = {isa = PBXBuildFile; fileRef = 8D2C75F42359F9590081D22F /* LogRockClimbViewModel.swift */; };
		8D2C75F7235A09F30081D22F /* ClimbingStylesTableView.swift in Sources */ = {isa = PBXBuildFile; fileRef = 8D2C75F6235A09F30081D22F /* ClimbingStylesTableView.swift */; };
		8D2C75F9235A0CDC0081D22F /* CustomDatePicker.swift in Sources */ = {isa = PBXBuildFile; fileRef = 8D2C75F8235A0CDC0081D22F /* CustomDatePicker.swift */; };
		8D2C75FB235A0CEE0081D22F /* CustomPickerToolbar.swift in Sources */ = {isa = PBXBuildFile; fileRef = 8D2C75FA235A0CEE0081D22F /* CustomPickerToolbar.swift */; };
		8D56E813235F53670024CD50 /* Grades.swift in Sources */ = {isa = PBXBuildFile; fileRef = 8D56E812235F53670024CD50 /* Grades.swift */; };
		8DA4AA972357233500A543AC /* Other Notes in Resources */ = {isa = PBXBuildFile; fileRef = 8DA4AA962357233500A543AC /* Other Notes */; };
		8DF3EEF7235DF2FE00D5D0E2 /* GradePickerView.swift in Sources */ = {isa = PBXBuildFile; fileRef = 8DF3EEF6235DF2FE00D5D0E2 /* GradePickerView.swift */; };
		98067C7C23914915000AF417 /* RockClimbLoggedViewModel_Tests.swift in Sources */ = {isa = PBXBuildFile; fileRef = 98067C7B23914915000AF417 /* RockClimbLoggedViewModel_Tests.swift */; };
		98067C7E239173A6000AF417 /* RockClimbLoggedViewModel.swift in Sources */ = {isa = PBXBuildFile; fileRef = 98067C7D239173A6000AF417 /* RockClimbLoggedViewModel.swift */; };
		98067C7F2391752B000AF417 /* RockClimbLoggedViewModel.swift in Sources */ = {isa = PBXBuildFile; fileRef = 98067C7D239173A6000AF417 /* RockClimbLoggedViewModel.swift */; };
		981B0D4D2369F8CC00D701D0 /* LogRockClimbViewModel_Tests.swift in Sources */ = {isa = PBXBuildFile; fileRef = 981B0D4C2369F8CC00D701D0 /* LogRockClimbViewModel_Tests.swift */; };
		981B0D4E236B069D00D701D0 /* Grades.swift in Sources */ = {isa = PBXBuildFile; fileRef = 8D56E812235F53670024CD50 /* Grades.swift */; };
		98252ACC2396847700C71EAC /* DatabaseService.swift in Sources */ = {isa = PBXBuildFile; fileRef = 986A24632386D55B00BD43E7 /* DatabaseService.swift */; };
		98252ACD2396847A00C71EAC /* MockDatabaseService.swift in Sources */ = {isa = PBXBuildFile; fileRef = 986A24662386DE2400BD43E7 /* MockDatabaseService.swift */; };
		9825602723D1F4E000EF6D55 /* LogbookViewModel.swift in Sources */ = {isa = PBXBuildFile; fileRef = 9825602623D1F4E000EF6D55 /* LogbookViewModel.swift */; };
		9825602923D1F50600EF6D55 /* MockLogbookScreen.swift in Sources */ = {isa = PBXBuildFile; fileRef = 9825602823D1F50600EF6D55 /* MockLogbookScreen.swift */; };
		9825602B23D1F52300EF6D55 /* LogbookScreenProtocol.swift in Sources */ = {isa = PBXBuildFile; fileRef = 9825602A23D1F52300EF6D55 /* LogbookScreenProtocol.swift */; };
		9825602C23D1F65900EF6D55 /* LogbookScreenProtocol.swift in Sources */ = {isa = PBXBuildFile; fileRef = 9825602A23D1F52300EF6D55 /* LogbookScreenProtocol.swift */; };
		9825602D23D1F67600EF6D55 /* LogbookViewModel.swift in Sources */ = {isa = PBXBuildFile; fileRef = 9825602623D1F4E000EF6D55 /* LogbookViewModel.swift */; };
		9825602E23D1F67A00EF6D55 /* LogbookViewModel.swift in Sources */ = {isa = PBXBuildFile; fileRef = 9825602623D1F4E000EF6D55 /* LogbookViewModel.swift */; };
		9825602F23D1F6B200EF6D55 /* MockLogbookScreen.swift in Sources */ = {isa = PBXBuildFile; fileRef = 9825602823D1F50600EF6D55 /* MockLogbookScreen.swift */; };
		9825603023D1F6B300EF6D55 /* MockLogbookScreen.swift in Sources */ = {isa = PBXBuildFile; fileRef = 9825602823D1F50600EF6D55 /* MockLogbookScreen.swift */; };
		9825603123D1F6B700EF6D55 /* LogbookScreenProtocol.swift in Sources */ = {isa = PBXBuildFile; fileRef = 9825602A23D1F52300EF6D55 /* LogbookScreenProtocol.swift */; };
		9826265023912B90003054B8 /* AppDelegate.swift in Sources */ = {isa = PBXBuildFile; fileRef = 985413F72350B1C2003768CE /* AppDelegate.swift */; };
		98329F7D23CE248500216D45 /* MyLogbookViewController.swift in Sources */ = {isa = PBXBuildFile; fileRef = 98329F7C23CE248500216D45 /* MyLogbookViewController.swift */; };
		98329F7F23CE2A5E00216D45 /* LogbookViewModel_Tests.swift in Sources */ = {isa = PBXBuildFile; fileRef = 98329F7E23CE2A5E00216D45 /* LogbookViewModel_Tests.swift */; };
		983C4FA123901056009384BA /* ScreenNavigationController.swift in Sources */ = {isa = PBXBuildFile; fileRef = 983C4FA023901056009384BA /* ScreenNavigationController.swift */; };
		983C4FA3239010B0009384BA /* MockScreenNavigationController.swift in Sources */ = {isa = PBXBuildFile; fileRef = 983C4FA2239010B0009384BA /* MockScreenNavigationController.swift */; };
		983F677E23AD16A500D486FF /* RockClimbLoggedViewModel_UITests.swift in Sources */ = {isa = PBXBuildFile; fileRef = 983F677D23AD16A500D486FF /* RockClimbLoggedViewModel_UITests.swift */; };
		985365AF23C4D06400C08D26 /* RockClimbEntry.swift in Sources */ = {isa = PBXBuildFile; fileRef = 98B34DA023C4C7BD00F4DE82 /* RockClimbEntry.swift */; };
		985413F82350B1C2003768CE /* AppDelegate.swift in Sources */ = {isa = PBXBuildFile; fileRef = 985413F72350B1C2003768CE /* AppDelegate.swift */; };
		985413FA2350B1C2003768CE /* LogRockClimbViewController.swift in Sources */ = {isa = PBXBuildFile; fileRef = 985413F92350B1C2003768CE /* LogRockClimbViewController.swift */; };
		985413FD2350B1C2003768CE /* Main.storyboard in Resources */ = {isa = PBXBuildFile; fileRef = 985413FB2350B1C2003768CE /* Main.storyboard */; };
		985413FF2350B1C3003768CE /* Assets.xcassets in Resources */ = {isa = PBXBuildFile; fileRef = 985413FE2350B1C3003768CE /* Assets.xcassets */; };
		985414022350B1C3003768CE /* LaunchScreen.storyboard in Resources */ = {isa = PBXBuildFile; fileRef = 985414002350B1C3003768CE /* LaunchScreen.storyboard */; };
		986A24642386D55B00BD43E7 /* DatabaseService.swift in Sources */ = {isa = PBXBuildFile; fileRef = 986A24632386D55B00BD43E7 /* DatabaseService.swift */; };
		986A24672386DE2400BD43E7 /* MockDatabaseService.swift in Sources */ = {isa = PBXBuildFile; fileRef = 986A24662386DE2400BD43E7 /* MockDatabaseService.swift */; };
		986A246C2387E8DE00BD43E7 /* SQLiteDatabaseService_Tests.swift in Sources */ = {isa = PBXBuildFile; fileRef = 986A246B2387E8DE00BD43E7 /* SQLiteDatabaseService_Tests.swift */; };
		986A246E2387E9CF00BD43E7 /* SQLiteDatabaseService.swift in Sources */ = {isa = PBXBuildFile; fileRef = 986A246D2387E9CF00BD43E7 /* SQLiteDatabaseService.swift */; };
		987367D02398031300416C57 /* MockRockClimbLoggedScreen.swift in Sources */ = {isa = PBXBuildFile; fileRef = 987367CF2398031300416C57 /* MockRockClimbLoggedScreen.swift */; };
		987367D12398037A00416C57 /* MockRockClimbLoggedScreen.swift in Sources */ = {isa = PBXBuildFile; fileRef = 987367CF2398031300416C57 /* MockRockClimbLoggedScreen.swift */; };
		987367D32398042700416C57 /* RockClimbLoggedScreenProtocol.swift in Sources */ = {isa = PBXBuildFile; fileRef = 987367D22398042700416C57 /* RockClimbLoggedScreenProtocol.swift */; };
		987367D4239806AA00416C57 /* RockClimbLoggedScreenProtocol.swift in Sources */ = {isa = PBXBuildFile; fileRef = 987367D22398042700416C57 /* RockClimbLoggedScreenProtocol.swift */; };
		988535EF23C898BA00D16173 /* RockClimbHomePageViewModel_Tests.swift in Sources */ = {isa = PBXBuildFile; fileRef = 988535EE23C898BA00D16173 /* RockClimbHomePageViewModel_Tests.swift */; };
		988535F123C8E22800D16173 /* RockClimbHomePageViewModel_UITests.swift in Sources */ = {isa = PBXBuildFile; fileRef = 988535F023C8E22800D16173 /* RockClimbHomePageViewModel_UITests.swift */; };
		9895164E238D83E100130140 /* SQLiteDatabaseServiceFactory.swift in Sources */ = {isa = PBXBuildFile; fileRef = 9895164D238D83E100130140 /* SQLiteDatabaseServiceFactory.swift */; };
		98951660238EA1D100130140 /* LogARockClimbViewModel_UITests.swift in Sources */ = {isa = PBXBuildFile; fileRef = 9895165E238EA1D100130140 /* LogARockClimbViewModel_UITests.swift */; };
		98A88A3423D5C34000493935 /* LogbookViewModel_UITests.swift in Sources */ = {isa = PBXBuildFile; fileRef = 98A88A3323D5C34000493935 /* LogbookViewModel_UITests.swift */; };
		98B34DA123C4C7BD00F4DE82 /* RockClimbEntry.swift in Sources */ = {isa = PBXBuildFile; fileRef = 98B34DA023C4C7BD00F4DE82 /* RockClimbEntry.swift */; };
		98B34DA223C4C84900F4DE82 /* RockClimbEntry.swift in Sources */ = {isa = PBXBuildFile; fileRef = 98B34DA023C4C7BD00F4DE82 /* RockClimbEntry.swift */; };
		98B8B41123CC7721009AB071 /* RockClimbHomePageViewController.swift in Sources */ = {isa = PBXBuildFile; fileRef = 98B8B41023CC7721009AB071 /* RockClimbHomePageViewController.swift */; };
		98BB333123BE0AF500139725 /* ColorCompatibility.swift in Sources */ = {isa = PBXBuildFile; fileRef = 98BB333023BE0AF500139725 /* ColorCompatibility.swift */; };
		98D223D32397B12A00D3D76A /* RockClimbLoggedViewController.swift in Sources */ = {isa = PBXBuildFile; fileRef = 98D223D22397B12A00D3D76A /* RockClimbLoggedViewController.swift */; };
		98D98AB023E1CD8E00B0FD11 /* CustomKeyboardToolbar.swift in Sources */ = {isa = PBXBuildFile; fileRef = 98D98AAF23E1CD8E00B0FD11 /* CustomKeyboardToolbar.swift */; };
		98DE2C3D23CDFA1500B91893 /* RockClimbHomePageViewModel.swift in Sources */ = {isa = PBXBuildFile; fileRef = 98DE2C3C23CDFA1500B91893 /* RockClimbHomePageViewModel.swift */; };
		98DE2C4023CDFB4E00B91893 /* RockClimbHomePageViewModel.swift in Sources */ = {isa = PBXBuildFile; fileRef = 98DE2C3C23CDFA1500B91893 /* RockClimbHomePageViewModel.swift */; };
		98DE2C4123CDFB4F00B91893 /* RockClimbHomePageViewModel.swift in Sources */ = {isa = PBXBuildFile; fileRef = 98DE2C3C23CDFA1500B91893 /* RockClimbHomePageViewModel.swift */; };
		98E8ED2523902ED700DAFF6A /* ScreenNavigationController.swift in Sources */ = {isa = PBXBuildFile; fileRef = 983C4FA023901056009384BA /* ScreenNavigationController.swift */; };
		98E8ED2623902ED800DAFF6A /* ScreenNavigationController.swift in Sources */ = {isa = PBXBuildFile; fileRef = 983C4FA023901056009384BA /* ScreenNavigationController.swift */; };
		98E8ED2723902EDC00DAFF6A /* MockScreenNavigationController.swift in Sources */ = {isa = PBXBuildFile; fileRef = 983C4FA2239010B0009384BA /* MockScreenNavigationController.swift */; };
		98E8ED2823902EDE00DAFF6A /* MockScreenNavigationController.swift in Sources */ = {isa = PBXBuildFile; fileRef = 983C4FA2239010B0009384BA /* MockScreenNavigationController.swift */; };
		98E8ED2A23902EE900DAFF6A /* LogRockClimbViewModel.swift in Sources */ = {isa = PBXBuildFile; fileRef = 8D2C75F42359F9590081D22F /* LogRockClimbViewModel.swift */; };
		98E8ED2D23902EFD00DAFF6A /* DatabaseService.swift in Sources */ = {isa = PBXBuildFile; fileRef = 986A24632386D55B00BD43E7 /* DatabaseService.swift */; };
		98E8ED2E23902F0000DAFF6A /* MockDatabaseService.swift in Sources */ = {isa = PBXBuildFile; fileRef = 986A24662386DE2400BD43E7 /* MockDatabaseService.swift */; };
		98E8ED2F23902F0400DAFF6A /* SQLiteDatabaseService.swift in Sources */ = {isa = PBXBuildFile; fileRef = 986A246D2387E9CF00BD43E7 /* SQLiteDatabaseService.swift */; };
		98E8ED3023902F0C00DAFF6A /* SQLiteDatabaseServiceFactory.swift in Sources */ = {isa = PBXBuildFile; fileRef = 9895164D238D83E100130140 /* SQLiteDatabaseServiceFactory.swift */; };
		98EED44923FD39EB00B9B09D /* AppCoordinator.swift in Sources */ = {isa = PBXBuildFile; fileRef = 98EED44823FD39EB00B9B09D /* AppCoordinator.swift */; };
		98EED44A23FD45BC00B9B09D /* AppCoordinator.swift in Sources */ = {isa = PBXBuildFile; fileRef = 98EED44823FD39EB00B9B09D /* AppCoordinator.swift */; };
		98EED44B23FD45BC00B9B09D /* AppCoordinator.swift in Sources */ = {isa = PBXBuildFile; fileRef = 98EED44823FD39EB00B9B09D /* AppCoordinator.swift */; };
		A27D2E0260E012A2F9673817 /* Pods_BMGUITests.framework in Frameworks */ = {isa = PBXBuildFile; fileRef = 452A21069464F2FFD652ED6E /* Pods_BMGUITests.framework */; };
		E20C6B7B318BA3D25A3A2D88 /* Pods_BMG.framework in Frameworks */ = {isa = PBXBuildFile; fileRef = C49013601DB671C6BC15F223 /* Pods_BMG.framework */; };
/* End PBXBuildFile section */

/* Begin PBXContainerItemProxy section */
		981B0D462369EC0A00D701D0 /* PBXContainerItemProxy */ = {
			isa = PBXContainerItemProxy;
			containerPortal = 985413EC2350B1C2003768CE /* Project object */;
			proxyType = 1;
			remoteGlobalIDString = 985413F32350B1C2003768CE;
			remoteInfo = BMG;
		};
		98951659238EA07900130140 /* PBXContainerItemProxy */ = {
			isa = PBXContainerItemProxy;
			containerPortal = 985413EC2350B1C2003768CE /* Project object */;
			proxyType = 1;
			remoteGlobalIDString = 985413F32350B1C2003768CE;
			remoteInfo = BMG;
		};
/* End PBXContainerItemProxy section */

/* Begin PBXFileReference section */
		1950A8DB069B5597FDE8478C /* Pods-BMGUITests.debug.xcconfig */ = {isa = PBXFileReference; includeInIndex = 1; lastKnownFileType = text.xcconfig; name = "Pods-BMGUITests.debug.xcconfig"; path = "Target Support Files/Pods-BMGUITests/Pods-BMGUITests.debug.xcconfig"; sourceTree = "<group>"; };
		452A21069464F2FFD652ED6E /* Pods_BMGUITests.framework */ = {isa = PBXFileReference; explicitFileType = wrapper.framework; includeInIndex = 0; path = Pods_BMGUITests.framework; sourceTree = BUILT_PRODUCTS_DIR; };
		532B6B989868B6D65CF3212E /* Pods-BMGTests.release.xcconfig */ = {isa = PBXFileReference; includeInIndex = 1; lastKnownFileType = text.xcconfig; name = "Pods-BMGTests.release.xcconfig"; path = "Target Support Files/Pods-BMGTests/Pods-BMGTests.release.xcconfig"; sourceTree = "<group>"; };
		7477669FB783D0B4FD7F26C6 /* Pods-BMG.release.xcconfig */ = {isa = PBXFileReference; includeInIndex = 1; lastKnownFileType = text.xcconfig; name = "Pods-BMG.release.xcconfig"; path = "Target Support Files/Pods-BMG/Pods-BMG.release.xcconfig"; sourceTree = "<group>"; };
		86FF665AB0DE87F2D282C7F5 /* Pods-BMG.debug.xcconfig */ = {isa = PBXFileReference; includeInIndex = 1; lastKnownFileType = text.xcconfig; name = "Pods-BMG.debug.xcconfig"; path = "Target Support Files/Pods-BMG/Pods-BMG.debug.xcconfig"; sourceTree = "<group>"; };
		8D136F8823549E08003D117E /* Style Notes */ = {isa = PBXFileReference; lastKnownFileType = text; path = "Style Notes"; sourceTree = "<group>"; };
		8D2C75F42359F9590081D22F /* LogRockClimbViewModel.swift */ = {isa = PBXFileReference; lastKnownFileType = sourcecode.swift; path = LogRockClimbViewModel.swift; sourceTree = "<group>"; };
		8D2C75F6235A09F30081D22F /* ClimbingStylesTableView.swift */ = {isa = PBXFileReference; lastKnownFileType = sourcecode.swift; path = ClimbingStylesTableView.swift; sourceTree = "<group>"; };
		8D2C75F8235A0CDC0081D22F /* CustomDatePicker.swift */ = {isa = PBXFileReference; lastKnownFileType = sourcecode.swift; path = CustomDatePicker.swift; sourceTree = "<group>"; };
		8D2C75FA235A0CEE0081D22F /* CustomPickerToolbar.swift */ = {isa = PBXFileReference; lastKnownFileType = sourcecode.swift; path = CustomPickerToolbar.swift; sourceTree = "<group>"; };
		8D56E812235F53670024CD50 /* Grades.swift */ = {isa = PBXFileReference; lastKnownFileType = sourcecode.swift; path = Grades.swift; sourceTree = "<group>"; };
		8DA4AA962357233500A543AC /* Other Notes */ = {isa = PBXFileReference; lastKnownFileType = text; path = "Other Notes"; sourceTree = "<group>"; };
		8DF3EEF6235DF2FE00D5D0E2 /* GradePickerView.swift */ = {isa = PBXFileReference; lastKnownFileType = sourcecode.swift; path = GradePickerView.swift; sourceTree = "<group>"; };
		98067C7B23914915000AF417 /* RockClimbLoggedViewModel_Tests.swift */ = {isa = PBXFileReference; lastKnownFileType = sourcecode.swift; path = RockClimbLoggedViewModel_Tests.swift; sourceTree = "<group>"; };
		98067C7D239173A6000AF417 /* RockClimbLoggedViewModel.swift */ = {isa = PBXFileReference; lastKnownFileType = sourcecode.swift; path = RockClimbLoggedViewModel.swift; sourceTree = "<group>"; };
		981B0D412369EC0A00D701D0 /* BMGTests.xctest */ = {isa = PBXFileReference; explicitFileType = wrapper.cfbundle; includeInIndex = 0; path = BMGTests.xctest; sourceTree = BUILT_PRODUCTS_DIR; };
		981B0D452369EC0A00D701D0 /* Info.plist */ = {isa = PBXFileReference; lastKnownFileType = text.plist.xml; path = Info.plist; sourceTree = "<group>"; };
		981B0D4C2369F8CC00D701D0 /* LogRockClimbViewModel_Tests.swift */ = {isa = PBXFileReference; lastKnownFileType = sourcecode.swift; path = LogRockClimbViewModel_Tests.swift; sourceTree = "<group>"; };
		9825602623D1F4E000EF6D55 /* LogbookViewModel.swift */ = {isa = PBXFileReference; lastKnownFileType = sourcecode.swift; path = LogbookViewModel.swift; sourceTree = "<group>"; };
		9825602823D1F50600EF6D55 /* MockLogbookScreen.swift */ = {isa = PBXFileReference; lastKnownFileType = sourcecode.swift; path = MockLogbookScreen.swift; sourceTree = "<group>"; };
		9825602A23D1F52300EF6D55 /* LogbookScreenProtocol.swift */ = {isa = PBXFileReference; lastKnownFileType = sourcecode.swift; path = LogbookScreenProtocol.swift; sourceTree = "<group>"; };
		98329F7C23CE248500216D45 /* MyLogbookViewController.swift */ = {isa = PBXFileReference; lastKnownFileType = sourcecode.swift; path = MyLogbookViewController.swift; sourceTree = "<group>"; };
		98329F7E23CE2A5E00216D45 /* LogbookViewModel_Tests.swift */ = {isa = PBXFileReference; lastKnownFileType = sourcecode.swift; path = LogbookViewModel_Tests.swift; sourceTree = "<group>"; };
		983C4FA023901056009384BA /* ScreenNavigationController.swift */ = {isa = PBXFileReference; lastKnownFileType = sourcecode.swift; path = ScreenNavigationController.swift; sourceTree = "<group>"; };
		983C4FA2239010B0009384BA /* MockScreenNavigationController.swift */ = {isa = PBXFileReference; lastKnownFileType = sourcecode.swift; path = MockScreenNavigationController.swift; sourceTree = "<group>"; };
		983F677D23AD16A500D486FF /* RockClimbLoggedViewModel_UITests.swift */ = {isa = PBXFileReference; lastKnownFileType = sourcecode.swift; path = RockClimbLoggedViewModel_UITests.swift; sourceTree = "<group>"; };
		985413F42350B1C2003768CE /* BMG.app */ = {isa = PBXFileReference; explicitFileType = wrapper.application; includeInIndex = 0; path = BMG.app; sourceTree = BUILT_PRODUCTS_DIR; };
		985413F72350B1C2003768CE /* AppDelegate.swift */ = {isa = PBXFileReference; lastKnownFileType = sourcecode.swift; path = AppDelegate.swift; sourceTree = "<group>"; };
		985413F92350B1C2003768CE /* LogRockClimbViewController.swift */ = {isa = PBXFileReference; lastKnownFileType = sourcecode.swift; path = LogRockClimbViewController.swift; sourceTree = "<group>"; };
		985413FC2350B1C2003768CE /* Base */ = {isa = PBXFileReference; lastKnownFileType = file.storyboard; name = Base; path = Base.lproj/Main.storyboard; sourceTree = "<group>"; };
		985413FE2350B1C3003768CE /* Assets.xcassets */ = {isa = PBXFileReference; lastKnownFileType = folder.assetcatalog; path = Assets.xcassets; sourceTree = "<group>"; };
		985414012350B1C3003768CE /* Base */ = {isa = PBXFileReference; lastKnownFileType = file.storyboard; name = Base; path = Base.lproj/LaunchScreen.storyboard; sourceTree = "<group>"; };
		985414032350B1C3003768CE /* Info.plist */ = {isa = PBXFileReference; lastKnownFileType = text.plist.xml; path = Info.plist; sourceTree = "<group>"; };
		986A24632386D55B00BD43E7 /* DatabaseService.swift */ = {isa = PBXFileReference; lastKnownFileType = sourcecode.swift; path = DatabaseService.swift; sourceTree = "<group>"; };
		986A24662386DE2400BD43E7 /* MockDatabaseService.swift */ = {isa = PBXFileReference; lastKnownFileType = sourcecode.swift; path = MockDatabaseService.swift; sourceTree = "<group>"; };
		986A246B2387E8DE00BD43E7 /* SQLiteDatabaseService_Tests.swift */ = {isa = PBXFileReference; lastKnownFileType = sourcecode.swift; path = SQLiteDatabaseService_Tests.swift; sourceTree = "<group>"; };
		986A246D2387E9CF00BD43E7 /* SQLiteDatabaseService.swift */ = {isa = PBXFileReference; lastKnownFileType = sourcecode.swift; path = SQLiteDatabaseService.swift; sourceTree = "<group>"; };
		987367CF2398031300416C57 /* MockRockClimbLoggedScreen.swift */ = {isa = PBXFileReference; lastKnownFileType = sourcecode.swift; path = MockRockClimbLoggedScreen.swift; sourceTree = "<group>"; };
		987367D22398042700416C57 /* RockClimbLoggedScreenProtocol.swift */ = {isa = PBXFileReference; lastKnownFileType = sourcecode.swift; path = RockClimbLoggedScreenProtocol.swift; sourceTree = "<group>"; };
		988535EE23C898BA00D16173 /* RockClimbHomePageViewModel_Tests.swift */ = {isa = PBXFileReference; lastKnownFileType = sourcecode.swift; path = RockClimbHomePageViewModel_Tests.swift; sourceTree = "<group>"; };
		988535F023C8E22800D16173 /* RockClimbHomePageViewModel_UITests.swift */ = {isa = PBXFileReference; lastKnownFileType = sourcecode.swift; path = RockClimbHomePageViewModel_UITests.swift; sourceTree = "<group>"; };
		9895164D238D83E100130140 /* SQLiteDatabaseServiceFactory.swift */ = {isa = PBXFileReference; lastKnownFileType = sourcecode.swift; path = SQLiteDatabaseServiceFactory.swift; sourceTree = "<group>"; };
		98951654238EA07900130140 /* BMGUITests.xctest */ = {isa = PBXFileReference; explicitFileType = wrapper.cfbundle; includeInIndex = 0; path = BMGUITests.xctest; sourceTree = BUILT_PRODUCTS_DIR; };
		98951658238EA07900130140 /* Info.plist */ = {isa = PBXFileReference; lastKnownFileType = text.plist.xml; path = Info.plist; sourceTree = "<group>"; };
		9895165E238EA1D100130140 /* LogARockClimbViewModel_UITests.swift */ = {isa = PBXFileReference; lastKnownFileType = sourcecode.swift; path = LogARockClimbViewModel_UITests.swift; sourceTree = "<group>"; };
		98A88A3323D5C34000493935 /* LogbookViewModel_UITests.swift */ = {isa = PBXFileReference; lastKnownFileType = sourcecode.swift; path = LogbookViewModel_UITests.swift; sourceTree = "<group>"; };
		98B34DA023C4C7BD00F4DE82 /* RockClimbEntry.swift */ = {isa = PBXFileReference; lastKnownFileType = sourcecode.swift; path = RockClimbEntry.swift; sourceTree = "<group>"; };
		98B8B41023CC7721009AB071 /* RockClimbHomePageViewController.swift */ = {isa = PBXFileReference; lastKnownFileType = sourcecode.swift; path = RockClimbHomePageViewController.swift; sourceTree = "<group>"; };
		98BB333023BE0AF500139725 /* ColorCompatibility.swift */ = {isa = PBXFileReference; lastKnownFileType = sourcecode.swift; path = ColorCompatibility.swift; sourceTree = "<group>"; };
		98C7CC29237070FD002AA781 /* SQLite.framework */ = {isa = PBXFileReference; explicitFileType = wrapper.framework; path = SQLite.framework; sourceTree = BUILT_PRODUCTS_DIR; };
		98C7CC2B2370714A002AA781 /* SQLite.framework */ = {isa = PBXFileReference; explicitFileType = wrapper.framework; path = SQLite.framework; sourceTree = BUILT_PRODUCTS_DIR; };
		98D223D22397B12A00D3D76A /* RockClimbLoggedViewController.swift */ = {isa = PBXFileReference; lastKnownFileType = sourcecode.swift; path = RockClimbLoggedViewController.swift; sourceTree = "<group>"; };
		98D98AAF23E1CD8E00B0FD11 /* CustomKeyboardToolbar.swift */ = {isa = PBXFileReference; lastKnownFileType = sourcecode.swift; path = CustomKeyboardToolbar.swift; sourceTree = "<group>"; };
		98DE2C3C23CDFA1500B91893 /* RockClimbHomePageViewModel.swift */ = {isa = PBXFileReference; lastKnownFileType = sourcecode.swift; path = RockClimbHomePageViewModel.swift; sourceTree = "<group>"; };
		98EED44823FD39EB00B9B09D /* AppCoordinator.swift */ = {isa = PBXFileReference; lastKnownFileType = sourcecode.swift; path = AppCoordinator.swift; sourceTree = "<group>"; };
		C49013601DB671C6BC15F223 /* Pods_BMG.framework */ = {isa = PBXFileReference; explicitFileType = wrapper.framework; includeInIndex = 0; path = Pods_BMG.framework; sourceTree = BUILT_PRODUCTS_DIR; };
		DD1108E267B9F82231DF1475 /* Pods-BMGUITests.release.xcconfig */ = {isa = PBXFileReference; includeInIndex = 1; lastKnownFileType = text.xcconfig; name = "Pods-BMGUITests.release.xcconfig"; path = "Target Support Files/Pods-BMGUITests/Pods-BMGUITests.release.xcconfig"; sourceTree = "<group>"; };
		E80D2652D138628A405BB9F8 /* Pods-BMGTests.debug.xcconfig */ = {isa = PBXFileReference; includeInIndex = 1; lastKnownFileType = text.xcconfig; name = "Pods-BMGTests.debug.xcconfig"; path = "Target Support Files/Pods-BMGTests/Pods-BMGTests.debug.xcconfig"; sourceTree = "<group>"; };
		FB95BD4F275B7A7489A6E74A /* Pods_BMGTests.framework */ = {isa = PBXFileReference; explicitFileType = wrapper.framework; includeInIndex = 0; path = Pods_BMGTests.framework; sourceTree = BUILT_PRODUCTS_DIR; };
/* End PBXFileReference section */

/* Begin PBXFrameworksBuildPhase section */
		981B0D3E2369EC0A00D701D0 /* Frameworks */ = {
			isa = PBXFrameworksBuildPhase;
			buildActionMask = 2147483647;
			files = (
				2B83DA9368A4AB47B9CC269A /* Pods_BMGTests.framework in Frameworks */,
			);
			runOnlyForDeploymentPostprocessing = 0;
		};
		985413F12350B1C2003768CE /* Frameworks */ = {
			isa = PBXFrameworksBuildPhase;
			buildActionMask = 2147483647;
			files = (
				E20C6B7B318BA3D25A3A2D88 /* Pods_BMG.framework in Frameworks */,
			);
			runOnlyForDeploymentPostprocessing = 0;
		};
		98951651238EA07900130140 /* Frameworks */ = {
			isa = PBXFrameworksBuildPhase;
			buildActionMask = 2147483647;
			files = (
				A27D2E0260E012A2F9673817 /* Pods_BMGUITests.framework in Frameworks */,
			);
			runOnlyForDeploymentPostprocessing = 0;
		};
/* End PBXFrameworksBuildPhase section */

/* Begin PBXGroup section */
		8D136F8A23549E47003D117E /* View */ = {
			isa = PBXGroup;
			children = (
				983C4F9F23900F12009384BA /* NavigationController */,
				8D2C75FE235DA22F0081D22F /* ViewController */,
				8D2C75FD235DA2280081D22F /* View */,
				8D2C75FC235DA21B0081D22F /* Storyboard */,
			);
			path = View;
			sourceTree = "<group>";
		};
		8D136F8B23549EF3003D117E /* Supporting Files */ = {
			isa = PBXGroup;
			children = (
				985413F72350B1C2003768CE /* AppDelegate.swift */,
				985413FE2350B1C3003768CE /* Assets.xcassets */,
				985414032350B1C3003768CE /* Info.plist */,
				8D136F8823549E08003D117E /* Style Notes */,
				8DA4AA962357233500A543AC /* Other Notes */,
				98BB333023BE0AF500139725 /* ColorCompatibility.swift */,
			);
			path = "Supporting Files";
			sourceTree = "<group>";
		};
		8D2C75ED2359F86C0081D22F /* Services */ = {
			isa = PBXGroup;
			children = (
				986A24632386D55B00BD43E7 /* DatabaseService.swift */,
				986A24662386DE2400BD43E7 /* MockDatabaseService.swift */,
				986A246D2387E9CF00BD43E7 /* SQLiteDatabaseService.swift */,
				9895164D238D83E100130140 /* SQLiteDatabaseServiceFactory.swift */,
			);
			path = Services;
			sourceTree = "<group>";
		};
		8D2C75FC235DA21B0081D22F /* Storyboard */ = {
			isa = PBXGroup;
			children = (
				985413FB2350B1C2003768CE /* Main.storyboard */,
				985414002350B1C3003768CE /* LaunchScreen.storyboard */,
			);
			path = Storyboard;
			sourceTree = "<group>";
		};
		8D2C75FD235DA2280081D22F /* View */ = {
			isa = PBXGroup;
			children = (
				8D2C75F6235A09F30081D22F /* ClimbingStylesTableView.swift */,
				8D2C75F8235A0CDC0081D22F /* CustomDatePicker.swift */,
				8D2C75FA235A0CEE0081D22F /* CustomPickerToolbar.swift */,
				98D98AAF23E1CD8E00B0FD11 /* CustomKeyboardToolbar.swift */,
				8DF3EEF6235DF2FE00D5D0E2 /* GradePickerView.swift */,
				987367CF2398031300416C57 /* MockRockClimbLoggedScreen.swift */,
				987367D22398042700416C57 /* RockClimbLoggedScreenProtocol.swift */,
				9825602823D1F50600EF6D55 /* MockLogbookScreen.swift */,
				9825602A23D1F52300EF6D55 /* LogbookScreenProtocol.swift */,
			);
			path = View;
			sourceTree = "<group>";
		};
		8D2C75FE235DA22F0081D22F /* ViewController */ = {
			isa = PBXGroup;
			children = (
				98B8B41023CC7721009AB071 /* RockClimbHomePageViewController.swift */,
				985413F92350B1C2003768CE /* LogRockClimbViewController.swift */,
				98D223D22397B12A00D3D76A /* RockClimbLoggedViewController.swift */,
				98329F7C23CE248500216D45 /* MyLogbookViewController.swift */,
			);
			path = ViewController;
			sourceTree = "<group>";
		};
		8DA4AA982357373400A543AC /* ViewModel */ = {
			isa = PBXGroup;
			children = (
				98DE2C3C23CDFA1500B91893 /* RockClimbHomePageViewModel.swift */,
				8D2C75F42359F9590081D22F /* LogRockClimbViewModel.swift */,
				98067C7D239173A6000AF417 /* RockClimbLoggedViewModel.swift */,
				9825602623D1F4E000EF6D55 /* LogbookViewModel.swift */,
			);
			path = ViewModel;
			sourceTree = "<group>";
		};
		8DA4AA992357374300A543AC /* Model */ = {
			isa = PBXGroup;
			children = (
				8D56E812235F53670024CD50 /* Grades.swift */,
				98B34DA023C4C7BD00F4DE82 /* RockClimbEntry.swift */,
			);
			path = Model;
			sourceTree = "<group>";
		};
		981B0D422369EC0A00D701D0 /* BMGTests */ = {
			isa = PBXGroup;
			children = (
				988535EE23C898BA00D16173 /* RockClimbHomePageViewModel_Tests.swift */,
				981B0D4C2369F8CC00D701D0 /* LogRockClimbViewModel_Tests.swift */,
				98067C7B23914915000AF417 /* RockClimbLoggedViewModel_Tests.swift */,
				98329F7E23CE2A5E00216D45 /* LogbookViewModel_Tests.swift */,
				986A246B2387E8DE00BD43E7 /* SQLiteDatabaseService_Tests.swift */,
				981B0D452369EC0A00D701D0 /* Info.plist */,
			);
			path = BMGTests;
			sourceTree = "<group>";
		};
		983C4F9F23900F12009384BA /* NavigationController */ = {
			isa = PBXGroup;
			children = (
				983C4FA023901056009384BA /* ScreenNavigationController.swift */,
				983C4FA2239010B0009384BA /* MockScreenNavigationController.swift */,
				98EED44823FD39EB00B9B09D /* AppCoordinator.swift */,
			);
			path = NavigationController;
			sourceTree = "<group>";
		};
		985413EB2350B1C2003768CE = {
			isa = PBXGroup;
			children = (
				98C7CC2B2370714A002AA781 /* SQLite.framework */,
				985413F62350B1C2003768CE /* BMG */,
				981B0D422369EC0A00D701D0 /* BMGTests */,
				98951655238EA07900130140 /* BMGUITests */,
				985413F52350B1C2003768CE /* Products */,
				D80630FCD1389231EF1D0B03 /* Pods */,
				EF839ADB7226B95E725A5EBD /* Frameworks */,
			);
			sourceTree = "<group>";
		};
		985413F52350B1C2003768CE /* Products */ = {
			isa = PBXGroup;
			children = (
				985413F42350B1C2003768CE /* BMG.app */,
				981B0D412369EC0A00D701D0 /* BMGTests.xctest */,
				98951654238EA07900130140 /* BMGUITests.xctest */,
			);
			name = Products;
			sourceTree = "<group>";
		};
		985413F62350B1C2003768CE /* BMG */ = {
			isa = PBXGroup;
			children = (
				8D136F8A23549E47003D117E /* View */,
				8DA4AA982357373400A543AC /* ViewModel */,
				8DA4AA992357374300A543AC /* Model */,
				8D2C75ED2359F86C0081D22F /* Services */,
				8D136F8B23549EF3003D117E /* Supporting Files */,
			);
			path = BMG;
			sourceTree = "<group>";
		};
		98951655238EA07900130140 /* BMGUITests */ = {
			isa = PBXGroup;
			children = (
				988535F023C8E22800D16173 /* RockClimbHomePageViewModel_UITests.swift */,
				9895165E238EA1D100130140 /* LogARockClimbViewModel_UITests.swift */,
				983F677D23AD16A500D486FF /* RockClimbLoggedViewModel_UITests.swift */,
				98A88A3323D5C34000493935 /* LogbookViewModel_UITests.swift */,
				98951658238EA07900130140 /* Info.plist */,
			);
			path = BMGUITests;
			sourceTree = "<group>";
		};
		D80630FCD1389231EF1D0B03 /* Pods */ = {
			isa = PBXGroup;
			children = (
				86FF665AB0DE87F2D282C7F5 /* Pods-BMG.debug.xcconfig */,
				7477669FB783D0B4FD7F26C6 /* Pods-BMG.release.xcconfig */,
				E80D2652D138628A405BB9F8 /* Pods-BMGTests.debug.xcconfig */,
				532B6B989868B6D65CF3212E /* Pods-BMGTests.release.xcconfig */,
				1950A8DB069B5597FDE8478C /* Pods-BMGUITests.debug.xcconfig */,
				DD1108E267B9F82231DF1475 /* Pods-BMGUITests.release.xcconfig */,
			);
			path = Pods;
			sourceTree = "<group>";
		};
		EF839ADB7226B95E725A5EBD /* Frameworks */ = {
			isa = PBXGroup;
			children = (
				98C7CC29237070FD002AA781 /* SQLite.framework */,
				C49013601DB671C6BC15F223 /* Pods_BMG.framework */,
				FB95BD4F275B7A7489A6E74A /* Pods_BMGTests.framework */,
				452A21069464F2FFD652ED6E /* Pods_BMGUITests.framework */,
			);
			name = Frameworks;
			sourceTree = "<group>";
		};
/* End PBXGroup section */

/* Begin PBXNativeTarget section */
		981B0D402369EC0A00D701D0 /* BMGTests */ = {
			isa = PBXNativeTarget;
			buildConfigurationList = 981B0D482369EC0A00D701D0 /* Build configuration list for PBXNativeTarget "BMGTests" */;
			buildPhases = (
				52A01E239FF2A636E6176204 /* [CP] Check Pods Manifest.lock */,
				981B0D3D2369EC0A00D701D0 /* Sources */,
				981B0D3E2369EC0A00D701D0 /* Frameworks */,
				981B0D3F2369EC0A00D701D0 /* Resources */,
			);
			buildRules = (
			);
			dependencies = (
				981B0D472369EC0A00D701D0 /* PBXTargetDependency */,
			);
			name = BMGTests;
			productName = BMGTests;
			productReference = 981B0D412369EC0A00D701D0 /* BMGTests.xctest */;
			productType = "com.apple.product-type.bundle.unit-test";
		};
		985413F32350B1C2003768CE /* BMG */ = {
			isa = PBXNativeTarget;
			buildConfigurationList = 985414062350B1C3003768CE /* Build configuration list for PBXNativeTarget "BMG" */;
			buildPhases = (
				1FDB21BB725FAB0F7DE88547 /* [CP] Check Pods Manifest.lock */,
				985413F02350B1C2003768CE /* Sources */,
				985413F12350B1C2003768CE /* Frameworks */,
				985413F22350B1C2003768CE /* Resources */,
				92DB558E537857D467034348 /* [CP] Embed Pods Frameworks */,
			);
			buildRules = (
			);
			dependencies = (
			);
			name = BMG;
			productName = BMG;
			productReference = 985413F42350B1C2003768CE /* BMG.app */;
			productType = "com.apple.product-type.application";
		};
		98951653238EA07900130140 /* BMGUITests */ = {
			isa = PBXNativeTarget;
			buildConfigurationList = 9895165B238EA07900130140 /* Build configuration list for PBXNativeTarget "BMGUITests" */;
			buildPhases = (
				F2C000C131F2590EE1186259 /* [CP] Check Pods Manifest.lock */,
				98951650238EA07900130140 /* Sources */,
				98951651238EA07900130140 /* Frameworks */,
				98951652238EA07900130140 /* Resources */,
				98A88A3723D5D2D700493935 /* ShellScript */,
				59E0995FF6BE34842E21C4D3 /* [CP] Embed Pods Frameworks */,
			);
			buildRules = (
			);
			dependencies = (
				9895165A238EA07900130140 /* PBXTargetDependency */,
			);
			name = BMGUITests;
			productName = BMGUITests;
			productReference = 98951654238EA07900130140 /* BMGUITests.xctest */;
			productType = "com.apple.product-type.bundle.ui-testing";
		};
/* End PBXNativeTarget section */

/* Begin PBXProject section */
		985413EC2350B1C2003768CE /* Project object */ = {
			isa = PBXProject;
			attributes = {
				LastSwiftUpdateCheck = 1020;
				LastUpgradeCheck = 1310;
				ORGANIZATIONNAME = "Emma Walker - TVandMobile Platforms - Core Engineering";
				TargetAttributes = {
					981B0D402369EC0A00D701D0 = {
						CreatedOnToolsVersion = 10.2.1;
						TestTargetID = 985413F32350B1C2003768CE;
					};
					985413F32350B1C2003768CE = {
						CreatedOnToolsVersion = 10.2.1;
					};
					98951653238EA07900130140 = {
						CreatedOnToolsVersion = 10.2.1;
						TestTargetID = 985413F32350B1C2003768CE;
					};
				};
			};
			buildConfigurationList = 985413EF2350B1C2003768CE /* Build configuration list for PBXProject "BMG" */;
			compatibilityVersion = "Xcode 9.3";
			developmentRegion = en;
			hasScannedForEncodings = 0;
			knownRegions = (
				en,
				Base,
			);
			mainGroup = 985413EB2350B1C2003768CE;
			productRefGroup = 985413F52350B1C2003768CE /* Products */;
			projectDirPath = "";
			projectRoot = "";
			targets = (
				985413F32350B1C2003768CE /* BMG */,
				981B0D402369EC0A00D701D0 /* BMGTests */,
				98951653238EA07900130140 /* BMGUITests */,
			);
		};
/* End PBXProject section */

/* Begin PBXResourcesBuildPhase section */
		981B0D3F2369EC0A00D701D0 /* Resources */ = {
			isa = PBXResourcesBuildPhase;
			buildActionMask = 2147483647;
			files = (
			);
			runOnlyForDeploymentPostprocessing = 0;
		};
		985413F22350B1C2003768CE /* Resources */ = {
			isa = PBXResourcesBuildPhase;
			buildActionMask = 2147483647;
			files = (
				985414022350B1C3003768CE /* LaunchScreen.storyboard in Resources */,
				8DA4AA972357233500A543AC /* Other Notes in Resources */,
				8D136F8923549E08003D117E /* Style Notes in Resources */,
				985413FF2350B1C3003768CE /* Assets.xcassets in Resources */,
				985413FD2350B1C2003768CE /* Main.storyboard in Resources */,
			);
			runOnlyForDeploymentPostprocessing = 0;
		};
		98951652238EA07900130140 /* Resources */ = {
			isa = PBXResourcesBuildPhase;
			buildActionMask = 2147483647;
			files = (
			);
			runOnlyForDeploymentPostprocessing = 0;
		};
/* End PBXResourcesBuildPhase section */

/* Begin PBXShellScriptBuildPhase section */
		1FDB21BB725FAB0F7DE88547 /* [CP] Check Pods Manifest.lock */ = {
			isa = PBXShellScriptBuildPhase;
			buildActionMask = 2147483647;
			files = (
			);
			inputFileListPaths = (
			);
			inputPaths = (
				"${PODS_PODFILE_DIR_PATH}/Podfile.lock",
				"${PODS_ROOT}/Manifest.lock",
			);
			name = "[CP] Check Pods Manifest.lock";
			outputFileListPaths = (
			);
			outputPaths = (
				"$(DERIVED_FILE_DIR)/Pods-BMG-checkManifestLockResult.txt",
			);
			runOnlyForDeploymentPostprocessing = 0;
			shellPath = /bin/sh;
			shellScript = "diff \"${PODS_PODFILE_DIR_PATH}/Podfile.lock\" \"${PODS_ROOT}/Manifest.lock\" > /dev/null\nif [ $? != 0 ] ; then\n    # print error to STDERR\n    echo \"error: The sandbox is not in sync with the Podfile.lock. Run 'pod install' or update your CocoaPods installation.\" >&2\n    exit 1\nfi\n# This output is used by Xcode 'outputs' to avoid re-running this script phase.\necho \"SUCCESS\" > \"${SCRIPT_OUTPUT_FILE_0}\"\n";
			showEnvVarsInLog = 0;
		};
		52A01E239FF2A636E6176204 /* [CP] Check Pods Manifest.lock */ = {
			isa = PBXShellScriptBuildPhase;
			buildActionMask = 2147483647;
			files = (
			);
			inputFileListPaths = (
			);
			inputPaths = (
				"${PODS_PODFILE_DIR_PATH}/Podfile.lock",
				"${PODS_ROOT}/Manifest.lock",
			);
			name = "[CP] Check Pods Manifest.lock";
			outputFileListPaths = (
			);
			outputPaths = (
				"$(DERIVED_FILE_DIR)/Pods-BMGTests-checkManifestLockResult.txt",
			);
			runOnlyForDeploymentPostprocessing = 0;
			shellPath = /bin/sh;
			shellScript = "diff \"${PODS_PODFILE_DIR_PATH}/Podfile.lock\" \"${PODS_ROOT}/Manifest.lock\" > /dev/null\nif [ $? != 0 ] ; then\n    # print error to STDERR\n    echo \"error: The sandbox is not in sync with the Podfile.lock. Run 'pod install' or update your CocoaPods installation.\" >&2\n    exit 1\nfi\n# This output is used by Xcode 'outputs' to avoid re-running this script phase.\necho \"SUCCESS\" > \"${SCRIPT_OUTPUT_FILE_0}\"\n";
			showEnvVarsInLog = 0;
		};
		59E0995FF6BE34842E21C4D3 /* [CP] Embed Pods Frameworks */ = {
			isa = PBXShellScriptBuildPhase;
			buildActionMask = 2147483647;
			files = (
			);
			inputFileListPaths = (
				"${PODS_ROOT}/Target Support Files/Pods-BMGUITests/Pods-BMGUITests-frameworks-${CONFIGURATION}-input-files.xcfilelist",
			);
			name = "[CP] Embed Pods Frameworks";
			outputFileListPaths = (
				"${PODS_ROOT}/Target Support Files/Pods-BMGUITests/Pods-BMGUITests-frameworks-${CONFIGURATION}-output-files.xcfilelist",
			);
			runOnlyForDeploymentPostprocessing = 0;
			shellPath = /bin/sh;
			shellScript = "\"${PODS_ROOT}/Target Support Files/Pods-BMGUITests/Pods-BMGUITests-frameworks.sh\"\n";
			showEnvVarsInLog = 0;
		};
		92DB558E537857D467034348 /* [CP] Embed Pods Frameworks */ = {
			isa = PBXShellScriptBuildPhase;
			buildActionMask = 2147483647;
			files = (
			);
			inputFileListPaths = (
				"${PODS_ROOT}/Target Support Files/Pods-BMG/Pods-BMG-frameworks-${CONFIGURATION}-input-files.xcfilelist",
			);
			name = "[CP] Embed Pods Frameworks";
			outputFileListPaths = (
				"${PODS_ROOT}/Target Support Files/Pods-BMG/Pods-BMG-frameworks-${CONFIGURATION}-output-files.xcfilelist",
			);
			runOnlyForDeploymentPostprocessing = 0;
			shellPath = /bin/sh;
			shellScript = "\"${PODS_ROOT}/Target Support Files/Pods-BMG/Pods-BMG-frameworks.sh\"\n";
			showEnvVarsInLog = 0;
		};
		98A88A3723D5D2D700493935 /* ShellScript */ = {
			isa = PBXShellScriptBuildPhase;
			buildActionMask = 2147483647;
			files = (
			);
			inputFileListPaths = (
			);
			inputPaths = (
			);
			outputFileListPaths = (
			);
			outputPaths = (
			);
			runOnlyForDeploymentPostprocessing = 0;
			shellPath = /bin/sh;
			shellScript = "xcrun simctl uninstall booted uk.co.bbc.emma.walker02.BMG\n";
		};
		F2C000C131F2590EE1186259 /* [CP] Check Pods Manifest.lock */ = {
			isa = PBXShellScriptBuildPhase;
			buildActionMask = 2147483647;
			files = (
			);
			inputFileListPaths = (
			);
			inputPaths = (
				"${PODS_PODFILE_DIR_PATH}/Podfile.lock",
				"${PODS_ROOT}/Manifest.lock",
			);
			name = "[CP] Check Pods Manifest.lock";
			outputFileListPaths = (
			);
			outputPaths = (
				"$(DERIVED_FILE_DIR)/Pods-BMGUITests-checkManifestLockResult.txt",
			);
			runOnlyForDeploymentPostprocessing = 0;
			shellPath = /bin/sh;
			shellScript = "diff \"${PODS_PODFILE_DIR_PATH}/Podfile.lock\" \"${PODS_ROOT}/Manifest.lock\" > /dev/null\nif [ $? != 0 ] ; then\n    # print error to STDERR\n    echo \"error: The sandbox is not in sync with the Podfile.lock. Run 'pod install' or update your CocoaPods installation.\" >&2\n    exit 1\nfi\n# This output is used by Xcode 'outputs' to avoid re-running this script phase.\necho \"SUCCESS\" > \"${SCRIPT_OUTPUT_FILE_0}\"\n";
			showEnvVarsInLog = 0;
		};
/* End PBXShellScriptBuildPhase section */

/* Begin PBXSourcesBuildPhase section */
		981B0D3D2369EC0A00D701D0 /* Sources */ = {
			isa = PBXSourcesBuildPhase;
			buildActionMask = 2147483647;
			files = (
				98EED44A23FD45BC00B9B09D /* AppCoordinator.swift in Sources */,
				2C0C12A923F2BDE800CC734D /* CustomDatePicker.swift in Sources */,
				98E8ED2D23902EFD00DAFF6A /* DatabaseService.swift in Sources */,
				98E8ED2F23902F0400DAFF6A /* SQLiteDatabaseService.swift in Sources */,
				2C0C129F23F2BD0F00CC734D /* RockClimbLoggedViewController.swift in Sources */,
				2C0C12B423F2BE0300CC734D /* LogRockClimbViewController.swift in Sources */,
				2C0C12AF23F2BDF300CC734D /* GradePickerView.swift in Sources */,
				986A246C2387E8DE00BD43E7 /* SQLiteDatabaseService_Tests.swift in Sources */,
				98329F7F23CE2A5E00216D45 /* LogbookViewModel_Tests.swift in Sources */,
				981B0D4E236B069D00D701D0 /* Grades.swift in Sources */,
				98E8ED2723902EDC00DAFF6A /* MockScreenNavigationController.swift in Sources */,
				988535EF23C898BA00D16173 /* RockClimbHomePageViewModel_Tests.swift in Sources */,
				9825602F23D1F6B200EF6D55 /* MockLogbookScreen.swift in Sources */,
				2C0C12BC23F2EC6D00CC734D /* ColorCompatibility.swift in Sources */,
				98E8ED2E23902F0000DAFF6A /* MockDatabaseService.swift in Sources */,
				9825602C23D1F65900EF6D55 /* LogbookScreenProtocol.swift in Sources */,
				987367D4239806AA00416C57 /* RockClimbLoggedScreenProtocol.swift in Sources */,
				2C0C12AD23F2BDF000CC734D /* CustomKeyboardToolbar.swift in Sources */,
				9825602D23D1F67600EF6D55 /* LogbookViewModel.swift in Sources */,
				2C0C12B623F2BE0A00CC734D /* MyLogbookViewController.swift in Sources */,
				98DE2C4123CDFB4F00B91893 /* RockClimbHomePageViewModel.swift in Sources */,
				2C0C12AB23F2BDEC00CC734D /* CustomPickerToolbar.swift in Sources */,
				98067C7C23914915000AF417 /* RockClimbLoggedViewModel_Tests.swift in Sources */,
				2C0C12B223F2BDFE00CC734D /* RockClimbHomePageViewController.swift in Sources */,
				98E8ED2A23902EE900DAFF6A /* LogRockClimbViewModel.swift in Sources */,
				98E8ED3023902F0C00DAFF6A /* SQLiteDatabaseServiceFactory.swift in Sources */,
				98B34DA223C4C84900F4DE82 /* RockClimbEntry.swift in Sources */,
				98067C7F2391752B000AF417 /* RockClimbLoggedViewModel.swift in Sources */,
				2C0C12A723F2BDE400CC734D /* ClimbingStylesTableView.swift in Sources */,
				981B0D4D2369F8CC00D701D0 /* LogRockClimbViewModel_Tests.swift in Sources */,
				98E8ED2523902ED700DAFF6A /* ScreenNavigationController.swift in Sources */,
				987367D12398037A00416C57 /* MockRockClimbLoggedScreen.swift in Sources */,
			);
			runOnlyForDeploymentPostprocessing = 0;
		};
		985413F02350B1C2003768CE /* Sources */ = {
			isa = PBXSourcesBuildPhase;
			buildActionMask = 2147483647;
			files = (
				98BB333123BE0AF500139725 /* ColorCompatibility.swift in Sources */,
				98D98AB023E1CD8E00B0FD11 /* CustomKeyboardToolbar.swift in Sources */,
				986A24672386DE2400BD43E7 /* MockDatabaseService.swift in Sources */,
				98329F7D23CE248500216D45 /* MyLogbookViewController.swift in Sources */,
				8D2C75F9235A0CDC0081D22F /* CustomDatePicker.swift in Sources */,
				8DF3EEF7235DF2FE00D5D0E2 /* GradePickerView.swift in Sources */,
				987367D02398031300416C57 /* MockRockClimbLoggedScreen.swift in Sources */,
				985413FA2350B1C2003768CE /* LogRockClimbViewController.swift in Sources */,
				98EED44923FD39EB00B9B09D /* AppCoordinator.swift in Sources */,
				9895164E238D83E100130140 /* SQLiteDatabaseServiceFactory.swift in Sources */,
				985413F82350B1C2003768CE /* AppDelegate.swift in Sources */,
				98B34DA123C4C7BD00F4DE82 /* RockClimbEntry.swift in Sources */,
				98D223D32397B12A00D3D76A /* RockClimbLoggedViewController.swift in Sources */,
				983C4FA3239010B0009384BA /* MockScreenNavigationController.swift in Sources */,
				9825602723D1F4E000EF6D55 /* LogbookViewModel.swift in Sources */,
				98B8B41123CC7721009AB071 /* RockClimbHomePageViewController.swift in Sources */,
				986A24642386D55B00BD43E7 /* DatabaseService.swift in Sources */,
				8D56E813235F53670024CD50 /* Grades.swift in Sources */,
				98DE2C3D23CDFA1500B91893 /* RockClimbHomePageViewModel.swift in Sources */,
				8D2C75F52359F9590081D22F /* LogRockClimbViewModel.swift in Sources */,
				986A246E2387E9CF00BD43E7 /* SQLiteDatabaseService.swift in Sources */,
				98067C7E239173A6000AF417 /* RockClimbLoggedViewModel.swift in Sources */,
				9825602B23D1F52300EF6D55 /* LogbookScreenProtocol.swift in Sources */,
				8D2C75F7235A09F30081D22F /* ClimbingStylesTableView.swift in Sources */,
				987367D32398042700416C57 /* RockClimbLoggedScreenProtocol.swift in Sources */,
				9825602923D1F50600EF6D55 /* MockLogbookScreen.swift in Sources */,
				983C4FA123901056009384BA /* ScreenNavigationController.swift in Sources */,
				8D2C75FB235A0CEE0081D22F /* CustomPickerToolbar.swift in Sources */,
			);
			runOnlyForDeploymentPostprocessing = 0;
		};
		98951650238EA07900130140 /* Sources */ = {
			isa = PBXSourcesBuildPhase;
			buildActionMask = 2147483647;
			files = (
				98EED44B23FD45BC00B9B09D /* AppCoordinator.swift in Sources */,
				98A88A3423D5C34000493935 /* LogbookViewModel_UITests.swift in Sources */,
				9826265023912B90003054B8 /* AppDelegate.swift in Sources */,
				9825602E23D1F67A00EF6D55 /* LogbookViewModel.swift in Sources */,
				2C0C12B523F2BE0300CC734D /* LogRockClimbViewController.swift in Sources */,
				98951660238EA1D100130140 /* LogARockClimbViewModel_UITests.swift in Sources */,
				2C0C12A423F2BDC100CC734D /* Grades.swift in Sources */,
				2C0C12A123F2BD7000CC734D /* RockClimbLoggedScreenProtocol.swift in Sources */,
				988535F123C8E22800D16173 /* RockClimbHomePageViewModel_UITests.swift in Sources */,
				2C0C12BA23F2C00A00CC734D /* SQLiteDatabaseServiceFactory.swift in Sources */,
				2C0C12AA23F2BDE900CC734D /* CustomDatePicker.swift in Sources */,
				9825603123D1F6B700EF6D55 /* LogbookScreenProtocol.swift in Sources */,
				2C0C12BD23F2EC6E00CC734D /* ColorCompatibility.swift in Sources */,
				985365AF23C4D06400C08D26 /* RockClimbEntry.swift in Sources */,
				98E8ED2823902EDE00DAFF6A /* MockScreenNavigationController.swift in Sources */,
				2C0C12B123F2BDF700CC734D /* MockRockClimbLoggedScreen.swift in Sources */,
				98DE2C4023CDFB4E00B91893 /* RockClimbHomePageViewModel.swift in Sources */,
				2C0C12AE23F2BDF100CC734D /* CustomKeyboardToolbar.swift in Sources */,
				98252ACD2396847A00C71EAC /* MockDatabaseService.swift in Sources */,
				2C0C12BB23F2C01200CC734D /* SQLiteDatabaseService.swift in Sources */,
				2C0C12B723F2BE0A00CC734D /* MyLogbookViewController.swift in Sources */,
				2C0C12A823F2BDE500CC734D /* ClimbingStylesTableView.swift in Sources */,
				98252ACC2396847700C71EAC /* DatabaseService.swift in Sources */,
				9825603023D1F6B300EF6D55 /* MockLogbookScreen.swift in Sources */,
				2C0C12B323F2BDFF00CC734D /* RockClimbHomePageViewController.swift in Sources */,
				2C0C12A323F2BDAC00CC734D /* RockClimbLoggedViewModel.swift in Sources */,
				2C0C12A023F2BD4200CC734D /* RockClimbLoggedViewController.swift in Sources */,
				2C0C12AC23F2BDED00CC734D /* CustomPickerToolbar.swift in Sources */,
				983F677E23AD16A500D486FF /* RockClimbLoggedViewModel_UITests.swift in Sources */,
				2C0C12A223F2BDA300CC734D /* LogRockClimbViewModel.swift in Sources */,
				98E8ED2623902ED800DAFF6A /* ScreenNavigationController.swift in Sources */,
				2C0C12B023F2BDF400CC734D /* GradePickerView.swift in Sources */,
			);
			runOnlyForDeploymentPostprocessing = 0;
		};
/* End PBXSourcesBuildPhase section */

/* Begin PBXTargetDependency section */
		981B0D472369EC0A00D701D0 /* PBXTargetDependency */ = {
			isa = PBXTargetDependency;
			target = 985413F32350B1C2003768CE /* BMG */;
			targetProxy = 981B0D462369EC0A00D701D0 /* PBXContainerItemProxy */;
		};
		9895165A238EA07900130140 /* PBXTargetDependency */ = {
			isa = PBXTargetDependency;
			target = 985413F32350B1C2003768CE /* BMG */;
			targetProxy = 98951659238EA07900130140 /* PBXContainerItemProxy */;
		};
/* End PBXTargetDependency section */

/* Begin PBXVariantGroup section */
		985413FB2350B1C2003768CE /* Main.storyboard */ = {
			isa = PBXVariantGroup;
			children = (
				985413FC2350B1C2003768CE /* Base */,
			);
			name = Main.storyboard;
			sourceTree = "<group>";
		};
		985414002350B1C3003768CE /* LaunchScreen.storyboard */ = {
			isa = PBXVariantGroup;
			children = (
				985414012350B1C3003768CE /* Base */,
			);
			name = LaunchScreen.storyboard;
			sourceTree = "<group>";
		};
/* End PBXVariantGroup section */

/* Begin XCBuildConfiguration section */
		981B0D492369EC0A00D701D0 /* Debug */ = {
			isa = XCBuildConfiguration;
			baseConfigurationReference = E80D2652D138628A405BB9F8 /* Pods-BMGTests.debug.xcconfig */;
			buildSettings = {
				BUNDLE_LOADER = "$(TEST_HOST)";
				CODE_SIGN_STYLE = Automatic;
				DEVELOPMENT_TEAM = U6Z86UD9V8;
				INFOPLIST_FILE = BMGTests/Info.plist;
				LD_RUNPATH_SEARCH_PATHS = (
					"$(inherited)",
					"@executable_path/Frameworks",
					"@loader_path/Frameworks",
				);
				PRODUCT_BUNDLE_IDENTIFIER = uk.co.bbc.emma.walker02.BMGTests;
				PRODUCT_NAME = "$(TARGET_NAME)";
				SWIFT_VERSION = 5.0;
				TARGETED_DEVICE_FAMILY = "1,2";
				TEST_HOST = "$(BUILT_PRODUCTS_DIR)/BMG.app/BMG";
			};
			name = Debug;
		};
		981B0D4A2369EC0A00D701D0 /* Release */ = {
			isa = XCBuildConfiguration;
			baseConfigurationReference = 532B6B989868B6D65CF3212E /* Pods-BMGTests.release.xcconfig */;
			buildSettings = {
				BUNDLE_LOADER = "$(TEST_HOST)";
				CODE_SIGN_STYLE = Automatic;
				DEVELOPMENT_TEAM = U6Z86UD9V8;
				INFOPLIST_FILE = BMGTests/Info.plist;
				LD_RUNPATH_SEARCH_PATHS = (
					"$(inherited)",
					"@executable_path/Frameworks",
					"@loader_path/Frameworks",
				);
				PRODUCT_BUNDLE_IDENTIFIER = uk.co.bbc.emma.walker02.BMGTests;
				PRODUCT_NAME = "$(TARGET_NAME)";
				SWIFT_VERSION = 5.0;
				TARGETED_DEVICE_FAMILY = "1,2";
				TEST_HOST = "$(BUILT_PRODUCTS_DIR)/BMG.app/BMG";
			};
			name = Release;
		};
		985414042350B1C3003768CE /* Debug */ = {
			isa = XCBuildConfiguration;
			buildSettings = {
				ALWAYS_SEARCH_USER_PATHS = NO;
				CLANG_ANALYZER_NONNULL = YES;
				CLANG_ANALYZER_NUMBER_OBJECT_CONVERSION = YES_AGGRESSIVE;
				CLANG_CXX_LANGUAGE_STANDARD = "gnu++14";
				CLANG_CXX_LIBRARY = "libc++";
				CLANG_ENABLE_MODULES = YES;
				CLANG_ENABLE_OBJC_ARC = YES;
				CLANG_ENABLE_OBJC_WEAK = YES;
				CLANG_WARN_BLOCK_CAPTURE_AUTORELEASING = YES;
				CLANG_WARN_BOOL_CONVERSION = YES;
				CLANG_WARN_COMMA = YES;
				CLANG_WARN_CONSTANT_CONVERSION = YES;
				CLANG_WARN_DEPRECATED_OBJC_IMPLEMENTATIONS = YES;
				CLANG_WARN_DIRECT_OBJC_ISA_USAGE = YES_ERROR;
				CLANG_WARN_DOCUMENTATION_COMMENTS = YES;
				CLANG_WARN_EMPTY_BODY = YES;
				CLANG_WARN_ENUM_CONVERSION = YES;
				CLANG_WARN_INFINITE_RECURSION = YES;
				CLANG_WARN_INT_CONVERSION = YES;
				CLANG_WARN_NON_LITERAL_NULL_CONVERSION = YES;
				CLANG_WARN_OBJC_IMPLICIT_RETAIN_SELF = YES;
				CLANG_WARN_OBJC_LITERAL_CONVERSION = YES;
				CLANG_WARN_OBJC_ROOT_CLASS = YES_ERROR;
				CLANG_WARN_QUOTED_INCLUDE_IN_FRAMEWORK_HEADER = YES;
				CLANG_WARN_RANGE_LOOP_ANALYSIS = YES;
				CLANG_WARN_STRICT_PROTOTYPES = YES;
				CLANG_WARN_SUSPICIOUS_MOVE = YES;
				CLANG_WARN_UNGUARDED_AVAILABILITY = YES_AGGRESSIVE;
				CLANG_WARN_UNREACHABLE_CODE = YES;
				CLANG_WARN__DUPLICATE_METHOD_MATCH = YES;
				CODE_SIGN_IDENTITY = "iPhone Developer";
				COPY_PHASE_STRIP = NO;
				DEBUG_INFORMATION_FORMAT = dwarf;
				ENABLE_STRICT_OBJC_MSGSEND = YES;
				ENABLE_TESTABILITY = YES;
				GCC_C_LANGUAGE_STANDARD = gnu11;
				GCC_DYNAMIC_NO_PIC = NO;
				GCC_NO_COMMON_BLOCKS = YES;
				GCC_OPTIMIZATION_LEVEL = 0;
				GCC_PREPROCESSOR_DEFINITIONS = (
					"DEBUG=1",
					"$(inherited)",
				);
				GCC_WARN_64_TO_32_BIT_CONVERSION = YES;
				GCC_WARN_ABOUT_RETURN_TYPE = YES_ERROR;
				GCC_WARN_UNDECLARED_SELECTOR = YES;
				GCC_WARN_UNINITIALIZED_AUTOS = YES_AGGRESSIVE;
				GCC_WARN_UNUSED_FUNCTION = YES;
				GCC_WARN_UNUSED_VARIABLE = YES;
				IPHONEOS_DEPLOYMENT_TARGET = 12.2;
				MTL_ENABLE_DEBUG_INFO = INCLUDE_SOURCE;
				MTL_FAST_MATH = YES;
				ONLY_ACTIVE_ARCH = YES;
				SDKROOT = iphoneos;
				SWIFT_ACTIVE_COMPILATION_CONDITIONS = DEBUG;
				SWIFT_OPTIMIZATION_LEVEL = "-Onone";
			};
			name = Debug;
		};
		985414052350B1C3003768CE /* Release */ = {
			isa = XCBuildConfiguration;
			buildSettings = {
				ALWAYS_SEARCH_USER_PATHS = NO;
				CLANG_ANALYZER_NONNULL = YES;
				CLANG_ANALYZER_NUMBER_OBJECT_CONVERSION = YES_AGGRESSIVE;
				CLANG_CXX_LANGUAGE_STANDARD = "gnu++14";
				CLANG_CXX_LIBRARY = "libc++";
				CLANG_ENABLE_MODULES = YES;
				CLANG_ENABLE_OBJC_ARC = YES;
				CLANG_ENABLE_OBJC_WEAK = YES;
				CLANG_WARN_BLOCK_CAPTURE_AUTORELEASING = YES;
				CLANG_WARN_BOOL_CONVERSION = YES;
				CLANG_WARN_COMMA = YES;
				CLANG_WARN_CONSTANT_CONVERSION = YES;
				CLANG_WARN_DEPRECATED_OBJC_IMPLEMENTATIONS = YES;
				CLANG_WARN_DIRECT_OBJC_ISA_USAGE = YES_ERROR;
				CLANG_WARN_DOCUMENTATION_COMMENTS = YES;
				CLANG_WARN_EMPTY_BODY = YES;
				CLANG_WARN_ENUM_CONVERSION = YES;
				CLANG_WARN_INFINITE_RECURSION = YES;
				CLANG_WARN_INT_CONVERSION = YES;
				CLANG_WARN_NON_LITERAL_NULL_CONVERSION = YES;
				CLANG_WARN_OBJC_IMPLICIT_RETAIN_SELF = YES;
				CLANG_WARN_OBJC_LITERAL_CONVERSION = YES;
				CLANG_WARN_OBJC_ROOT_CLASS = YES_ERROR;
				CLANG_WARN_QUOTED_INCLUDE_IN_FRAMEWORK_HEADER = YES;
				CLANG_WARN_RANGE_LOOP_ANALYSIS = YES;
				CLANG_WARN_STRICT_PROTOTYPES = YES;
				CLANG_WARN_SUSPICIOUS_MOVE = YES;
				CLANG_WARN_UNGUARDED_AVAILABILITY = YES_AGGRESSIVE;
				CLANG_WARN_UNREACHABLE_CODE = YES;
				CLANG_WARN__DUPLICATE_METHOD_MATCH = YES;
				CODE_SIGN_IDENTITY = "iPhone Developer";
				COPY_PHASE_STRIP = NO;
				DEBUG_INFORMATION_FORMAT = "dwarf-with-dsym";
				ENABLE_NS_ASSERTIONS = NO;
				ENABLE_STRICT_OBJC_MSGSEND = YES;
				GCC_C_LANGUAGE_STANDARD = gnu11;
				GCC_NO_COMMON_BLOCKS = YES;
				GCC_WARN_64_TO_32_BIT_CONVERSION = YES;
				GCC_WARN_ABOUT_RETURN_TYPE = YES_ERROR;
				GCC_WARN_UNDECLARED_SELECTOR = YES;
				GCC_WARN_UNINITIALIZED_AUTOS = YES_AGGRESSIVE;
				GCC_WARN_UNUSED_FUNCTION = YES;
				GCC_WARN_UNUSED_VARIABLE = YES;
				IPHONEOS_DEPLOYMENT_TARGET = 12.2;
				MTL_ENABLE_DEBUG_INFO = NO;
				MTL_FAST_MATH = YES;
				SDKROOT = iphoneos;
				SWIFT_COMPILATION_MODE = wholemodule;
				SWIFT_OPTIMIZATION_LEVEL = "-O";
				VALIDATE_PRODUCT = YES;
			};
			name = Release;
		};
		985414072350B1C3003768CE /* Debug */ = {
			isa = XCBuildConfiguration;
			baseConfigurationReference = 86FF665AB0DE87F2D282C7F5 /* Pods-BMG.debug.xcconfig */;
			buildSettings = {
				ASSETCATALOG_COMPILER_APPICON_NAME = "AppIcon-1";
				CODE_SIGN_STYLE = Automatic;
				DEVELOPMENT_TEAM = U6Z86UD9V8;
				INFOPLIST_FILE = "BMG/Supporting Files/Info.plist";
				IPHONEOS_DEPLOYMENT_TARGET = 12.1;
				LD_RUNPATH_SEARCH_PATHS = (
					"$(inherited)",
					"@executable_path/Frameworks",
				);
				PRODUCT_BUNDLE_IDENTIFIER = uk.co.bbc.emma.walker02.BMG;
				PRODUCT_NAME = "$(TARGET_NAME)";
				SWIFT_VERSION = 5.0;
				TARGETED_DEVICE_FAMILY = "1,2";
			};
			name = Debug;
		};
		985414082350B1C3003768CE /* Release */ = {
			isa = XCBuildConfiguration;
			baseConfigurationReference = 7477669FB783D0B4FD7F26C6 /* Pods-BMG.release.xcconfig */;
			buildSettings = {
				ASSETCATALOG_COMPILER_APPICON_NAME = "AppIcon-1";
				CODE_SIGN_STYLE = Automatic;
				DEVELOPMENT_TEAM = U6Z86UD9V8;
				INFOPLIST_FILE = "BMG/Supporting Files/Info.plist";
				IPHONEOS_DEPLOYMENT_TARGET = 12.1;
				LD_RUNPATH_SEARCH_PATHS = (
					"$(inherited)",
					"@executable_path/Frameworks",
				);
				PRODUCT_BUNDLE_IDENTIFIER = uk.co.bbc.emma.walker02.BMG;
				PRODUCT_NAME = "$(TARGET_NAME)";
				SWIFT_VERSION = 5.0;
				TARGETED_DEVICE_FAMILY = "1,2";
			};
			name = Release;
		};
		9895165C238EA07900130140 /* Debug */ = {
			isa = XCBuildConfiguration;
			baseConfigurationReference = 1950A8DB069B5597FDE8478C /* Pods-BMGUITests.debug.xcconfig */;
			buildSettings = {
				CODE_SIGN_STYLE = Automatic;
				DEVELOPMENT_TEAM = U6Z86UD9V8;
				INFOPLIST_FILE = BMGUITests/Info.plist;
				LD_RUNPATH_SEARCH_PATHS = (
					"$(inherited)",
					"@executable_path/Frameworks",
					"@loader_path/Frameworks",
				);
				PRODUCT_BUNDLE_IDENTIFIER = uk.co.bbc.emma.walker02.BMGUITests;
				PRODUCT_NAME = "$(TARGET_NAME)";
				SWIFT_VERSION = 5.0;
				TARGETED_DEVICE_FAMILY = "1,2";
				TEST_TARGET_NAME = BMG;
			};
			name = Debug;
		};
		9895165D238EA07900130140 /* Release */ = {
			isa = XCBuildConfiguration;
			baseConfigurationReference = DD1108E267B9F82231DF1475 /* Pods-BMGUITests.release.xcconfig */;
			buildSettings = {
				CODE_SIGN_STYLE = Automatic;
				DEVELOPMENT_TEAM = U6Z86UD9V8;
				INFOPLIST_FILE = BMGUITests/Info.plist;
				LD_RUNPATH_SEARCH_PATHS = (
					"$(inherited)",
					"@executable_path/Frameworks",
					"@loader_path/Frameworks",
				);
				PRODUCT_BUNDLE_IDENTIFIER = uk.co.bbc.emma.walker02.BMGUITests;
				PRODUCT_NAME = "$(TARGET_NAME)";
				SWIFT_VERSION = 5.0;
				TARGETED_DEVICE_FAMILY = "1,2";
				TEST_TARGET_NAME = BMG;
			};
			name = Release;
		};
/* End XCBuildConfiguration section */

/* Begin XCConfigurationList section */
		981B0D482369EC0A00D701D0 /* Build configuration list for PBXNativeTarget "BMGTests" */ = {
			isa = XCConfigurationList;
			buildConfigurations = (
				981B0D492369EC0A00D701D0 /* Debug */,
				981B0D4A2369EC0A00D701D0 /* Release */,
			);
			defaultConfigurationIsVisible = 0;
			defaultConfigurationName = Release;
		};
		985413EF2350B1C2003768CE /* Build configuration list for PBXProject "BMG" */ = {
			isa = XCConfigurationList;
			buildConfigurations = (
				985414042350B1C3003768CE /* Debug */,
				985414052350B1C3003768CE /* Release */,
			);
			defaultConfigurationIsVisible = 0;
			defaultConfigurationName = Release;
		};
		985414062350B1C3003768CE /* Build configuration list for PBXNativeTarget "BMG" */ = {
			isa = XCConfigurationList;
			buildConfigurations = (
				985414072350B1C3003768CE /* Debug */,
				985414082350B1C3003768CE /* Release */,
			);
			defaultConfigurationIsVisible = 0;
			defaultConfigurationName = Release;
		};
		9895165B238EA07900130140 /* Build configuration list for PBXNativeTarget "BMGUITests" */ = {
			isa = XCConfigurationList;
			buildConfigurations = (
				9895165C238EA07900130140 /* Debug */,
				9895165D238EA07900130140 /* Release */,
			);
			defaultConfigurationIsVisible = 0;
			defaultConfigurationName = Release;
		};
/* End XCConfigurationList section */
	};
	rootObject = 985413EC2350B1C2003768CE /* Project object */;
}
